// !$*UTF8*$!
{
	archiveVersion = 1;
	classes = {
	};
	objectVersion = 77;
	objects = {

/* Begin PBXBuildFile section */
		A40134972D2843BD00C205FE /* StackoModel.xcdatamodeld in Sources */ = {isa = PBXBuildFile; fileRef = A40134952D2843BD00C205FE /* StackoModel.xcdatamodeld */; };
/* End PBXBuildFile section */

/* Begin PBXContainerItemProxy section */
		A43F11792D2589B80006557C /* PBXContainerItemProxy */ = {
			isa = PBXContainerItemProxy;
			containerPortal = A43F11602D2589B50006557C /* Project object */;
			proxyType = 1;
			remoteGlobalIDString = A43F11672D2589B50006557C;
			remoteInfo = Stacko;
		};
		A43F11832D2589B80006557C /* PBXContainerItemProxy */ = {
			isa = PBXContainerItemProxy;
			containerPortal = A43F11602D2589B50006557C /* Project object */;
			proxyType = 1;
			remoteGlobalIDString = A43F11672D2589B50006557C;
			remoteInfo = Stacko;
		};
/* End PBXContainerItemProxy section */

/* Begin PBXFileReference section */
		A40134962D2843BD00C205FE /* StackoModel.xcdatamodel */ = {isa = PBXFileReference; lastKnownFileType = wrapper.xcdatamodel; path = StackoModel.xcdatamodel; sourceTree = "<group>"; };
		A43F11682D2589B50006557C /* Stacko.app */ = {isa = PBXFileReference; explicitFileType = wrapper.application; includeInIndex = 0; path = Stacko.app; sourceTree = BUILT_PRODUCTS_DIR; };
		A43F11782D2589B80006557C /* StackoTests.xctest */ = {isa = PBXFileReference; explicitFileType = wrapper.cfbundle; includeInIndex = 0; path = StackoTests.xctest; sourceTree = BUILT_PRODUCTS_DIR; };
		A43F11822D2589B80006557C /* StackoUITests.xctest */ = {isa = PBXFileReference; explicitFileType = wrapper.cfbundle; includeInIndex = 0; path = StackoUITests.xctest; sourceTree = BUILT_PRODUCTS_DIR; };
/* End PBXFileReference section */

/* Begin PBXFileSystemSynchronizedRootGroup section */
		A43F116A2D2589B50006557C /* Stacko */ = {
			isa = PBXFileSystemSynchronizedRootGroup;
			path = Stacko;
			sourceTree = "<group>";
		};
		A43F117B2D2589B80006557C /* StackoTests */ = {
			isa = PBXFileSystemSynchronizedRootGroup;
			path = StackoTests;
			sourceTree = "<group>";
		};
		A43F11852D2589B80006557C /* StackoUITests */ = {
			isa = PBXFileSystemSynchronizedRootGroup;
			path = StackoUITests;
			sourceTree = "<group>";
		};
/* End PBXFileSystemSynchronizedRootGroup section */

/* Begin PBXFrameworksBuildPhase section */
		A43F11652D2589B50006557C /* Frameworks */ = {
			isa = PBXFrameworksBuildPhase;
			buildActionMask = 2147483647;
			files = (
			);
			runOnlyForDeploymentPostprocessing = 0;
		};
		A43F11752D2589B80006557C /* Frameworks */ = {
			isa = PBXFrameworksBuildPhase;
			buildActionMask = 2147483647;
			files = (
			);
			runOnlyForDeploymentPostprocessing = 0;
		};
		A43F117F2D2589B80006557C /* Frameworks */ = {
			isa = PBXFrameworksBuildPhase;
			buildActionMask = 2147483647;
			files = (
			);
			runOnlyForDeploymentPostprocessing = 0;
		};
/* End PBXFrameworksBuildPhase section */

/* Begin PBXGroup section */
		A43F115F2D2589B50006557C = {
			isa = PBXGroup;
			children = (
				A40134952D2843BD00C205FE /* StackoModel.xcdatamodeld */,
				A43F116A2D2589B50006557C /* Stacko */,
				A43F117B2D2589B80006557C /* StackoTests */,
				A43F11852D2589B80006557C /* StackoUITests */,
				A43F11692D2589B50006557C /* Products */,
			);
			sourceTree = "<group>";
		};
		A43F11692D2589B50006557C /* Products */ = {
			isa = PBXGroup;
			children = (
				A43F11682D2589B50006557C /* Stacko.app */,
				A43F11782D2589B80006557C /* StackoTests.xctest */,
				A43F11822D2589B80006557C /* StackoUITests.xctest */,
			);
			name = Products;
			sourceTree = "<group>";
		};
/* End PBXGroup section */

/* Begin PBXNativeTarget section */
		A43F11672D2589B50006557C /* Stacko */ = {
			isa = PBXNativeTarget;
			buildConfigurationList = A43F118C2D2589B80006557C /* Build configuration list for PBXNativeTarget "Stacko" */;
			buildPhases = (
				A43F11642D2589B50006557C /* Sources */,
				A43F11652D2589B50006557C /* Frameworks */,
				A43F11662D2589B50006557C /* Resources */,
			);
			buildRules = (
			);
			dependencies = (
			);
			fileSystemSynchronizedGroups = (
				A43F116A2D2589B50006557C /* Stacko */,
			);
			name = Stacko;
			packageProductDependencies = (
			);
			productName = Stacko;
			productReference = A43F11682D2589B50006557C /* Stacko.app */;
			productType = "com.apple.product-type.application";
		};
		A43F11772D2589B80006557C /* StackoTests */ = {
			isa = PBXNativeTarget;
			buildConfigurationList = A43F118F2D2589B80006557C /* Build configuration list for PBXNativeTarget "StackoTests" */;
			buildPhases = (
				A43F11742D2589B80006557C /* Sources */,
				A43F11752D2589B80006557C /* Frameworks */,
				A43F11762D2589B80006557C /* Resources */,
			);
			buildRules = (
			);
			dependencies = (
				A43F117A2D2589B80006557C /* PBXTargetDependency */,
			);
			fileSystemSynchronizedGroups = (
				A43F117B2D2589B80006557C /* StackoTests */,
			);
			name = StackoTests;
			packageProductDependencies = (
			);
			productName = StackoTests;
			productReference = A43F11782D2589B80006557C /* StackoTests.xctest */;
			productType = "com.apple.product-type.bundle.unit-test";
		};
		A43F11812D2589B80006557C /* StackoUITests */ = {
			isa = PBXNativeTarget;
			buildConfigurationList = A43F11922D2589B80006557C /* Build configuration list for PBXNativeTarget "StackoUITests" */;
			buildPhases = (
				A43F117E2D2589B80006557C /* Sources */,
				A43F117F2D2589B80006557C /* Frameworks */,
				A43F11802D2589B80006557C /* Resources */,
			);
			buildRules = (
			);
			dependencies = (
				A43F11842D2589B80006557C /* PBXTargetDependency */,
			);
			fileSystemSynchronizedGroups = (
				A43F11852D2589B80006557C /* StackoUITests */,
			);
			name = StackoUITests;
			packageProductDependencies = (
			);
			productName = StackoUITests;
			productReference = A43F11822D2589B80006557C /* StackoUITests.xctest */;
			productType = "com.apple.product-type.bundle.ui-testing";
		};
/* End PBXNativeTarget section */

/* Begin PBXProject section */
		A43F11602D2589B50006557C /* Project object */ = {
			isa = PBXProject;
			attributes = {
				BuildIndependentTargetsInParallel = 1;
				LastSwiftUpdateCheck = 1620;
				LastUpgradeCheck = 1620;
				TargetAttributes = {
					A43F11672D2589B50006557C = {
						CreatedOnToolsVersion = 16.2;
					};
					A43F11772D2589B80006557C = {
						CreatedOnToolsVersion = 16.2;
						TestTargetID = A43F11672D2589B50006557C;
					};
					A43F11812D2589B80006557C = {
						CreatedOnToolsVersion = 16.2;
						TestTargetID = A43F11672D2589B50006557C;
					};
				};
			};
			buildConfigurationList = A43F11632D2589B50006557C /* Build configuration list for PBXProject "Stacko" */;
			developmentRegion = en;
			hasScannedForEncodings = 0;
			knownRegions = (
				en,
				Base,
			);
			mainGroup = A43F115F2D2589B50006557C;
			minimizedProjectReferenceProxies = 1;
			preferredProjectObjectVersion = 77;
			productRefGroup = A43F11692D2589B50006557C /* Products */;
			projectDirPath = "";
			projectRoot = "";
			targets = (
				A43F11672D2589B50006557C /* Stacko */,
				A43F11772D2589B80006557C /* StackoTests */,
				A43F11812D2589B80006557C /* StackoUITests */,
			);
		};
/* End PBXProject section */

/* Begin PBXResourcesBuildPhase section */
		A43F11662D2589B50006557C /* Resources */ = {
			isa = PBXResourcesBuildPhase;
			buildActionMask = 2147483647;
			files = (
			);
			runOnlyForDeploymentPostprocessing = 0;
		};
		A43F11762D2589B80006557C /* Resources */ = {
			isa = PBXResourcesBuildPhase;
			buildActionMask = 2147483647;
			files = (
			);
			runOnlyForDeploymentPostprocessing = 0;
		};
		A43F11802D2589B80006557C /* Resources */ = {
			isa = PBXResourcesBuildPhase;
			buildActionMask = 2147483647;
			files = (
			);
			runOnlyForDeploymentPostprocessing = 0;
		};
/* End PBXResourcesBuildPhase section */

/* Begin PBXSourcesBuildPhase section */
		A43F11642D2589B50006557C /* Sources */ = {
			isa = PBXSourcesBuildPhase;
			buildActionMask = 2147483647;
			files = (
				A40134972D2843BD00C205FE /* StackoModel.xcdatamodeld in Sources */,
			);
			runOnlyForDeploymentPostprocessing = 0;
		};
		A43F11742D2589B80006557C /* Sources */ = {
			isa = PBXSourcesBuildPhase;
			buildActionMask = 2147483647;
			files = (
			);
			runOnlyForDeploymentPostprocessing = 0;
		};
		A43F117E2D2589B80006557C /* Sources */ = {
			isa = PBXSourcesBuildPhase;
			buildActionMask = 2147483647;
			files = (
			);
			runOnlyForDeploymentPostprocessing = 0;
		};
/* End PBXSourcesBuildPhase section */

/* Begin PBXTargetDependency section */
		A43F117A2D2589B80006557C /* PBXTargetDependency */ = {
			isa = PBXTargetDependency;
			target = A43F11672D2589B50006557C /* Stacko */;
			targetProxy = A43F11792D2589B80006557C /* PBXContainerItemProxy */;
		};
		A43F11842D2589B80006557C /* PBXTargetDependency */ = {
			isa = PBXTargetDependency;
			target = A43F11672D2589B50006557C /* Stacko */;
			targetProxy = A43F11832D2589B80006557C /* PBXContainerItemProxy */;
		};
/* End PBXTargetDependency section */

/* Begin XCBuildConfiguration section */
		A43F118A2D2589B80006557C /* Debug */ = {
			isa = XCBuildConfiguration;
			buildSettings = {
				ALWAYS_SEARCH_USER_PATHS = NO;
				ASSETCATALOG_COMPILER_GENERATE_SWIFT_ASSET_SYMBOL_EXTENSIONS = YES;
				CLANG_ANALYZER_NONNULL = YES;
				CLANG_ANALYZER_NUMBER_OBJECT_CONVERSION = YES_AGGRESSIVE;
				CLANG_CXX_LANGUAGE_STANDARD = "gnu++20";
				CLANG_ENABLE_MODULES = YES;
				CLANG_ENABLE_OBJC_ARC = YES;
				CLANG_ENABLE_OBJC_WEAK = YES;
				CLANG_WARN_BLOCK_CAPTURE_AUTORELEASING = YES;
				CLANG_WARN_BOOL_CONVERSION = YES;
				CLANG_WARN_COMMA = YES;
				CLANG_WARN_CONSTANT_CONVERSION = YES;
				CLANG_WARN_DEPRECATED_OBJC_IMPLEMENTATIONS = YES;
				CLANG_WARN_DIRECT_OBJC_ISA_USAGE = YES_ERROR;
				CLANG_WARN_DOCUMENTATION_COMMENTS = YES;
				CLANG_WARN_EMPTY_BODY = YES;
				CLANG_WARN_ENUM_CONVERSION = YES;
				CLANG_WARN_INFINITE_RECURSION = YES;
				CLANG_WARN_INT_CONVERSION = YES;
				CLANG_WARN_NON_LITERAL_NULL_CONVERSION = YES;
				CLANG_WARN_OBJC_IMPLICIT_RETAIN_SELF = YES;
				CLANG_WARN_OBJC_LITERAL_CONVERSION = YES;
				CLANG_WARN_OBJC_ROOT_CLASS = YES_ERROR;
				CLANG_WARN_QUOTED_INCLUDE_IN_FRAMEWORK_HEADER = YES;
				CLANG_WARN_RANGE_LOOP_ANALYSIS = YES;
				CLANG_WARN_STRICT_PROTOTYPES = YES;
				CLANG_WARN_SUSPICIOUS_MOVE = YES;
				CLANG_WARN_UNGUARDED_AVAILABILITY = YES_AGGRESSIVE;
				CLANG_WARN_UNREACHABLE_CODE = YES;
				CLANG_WARN__DUPLICATE_METHOD_MATCH = YES;
				COPY_PHASE_STRIP = NO;
				DEBUG_INFORMATION_FORMAT = dwarf;
				ENABLE_STRICT_OBJC_MSGSEND = YES;
				ENABLE_TESTABILITY = YES;
				ENABLE_USER_SCRIPT_SANDBOXING = YES;
				GCC_C_LANGUAGE_STANDARD = gnu17;
				GCC_DYNAMIC_NO_PIC = NO;
				GCC_NO_COMMON_BLOCKS = YES;
				GCC_OPTIMIZATION_LEVEL = 0;
				GCC_PREPROCESSOR_DEFINITIONS = (
					"DEBUG=1",
					"$(inherited)",
				);
				GCC_WARN_64_TO_32_BIT_CONVERSION = YES;
				GCC_WARN_ABOUT_RETURN_TYPE = YES_ERROR;
				GCC_WARN_UNDECLARED_SELECTOR = YES;
				GCC_WARN_UNINITIALIZED_AUTOS = YES_AGGRESSIVE;
				GCC_WARN_UNUSED_FUNCTION = YES;
				GCC_WARN_UNUSED_VARIABLE = YES;
				IPHONEOS_DEPLOYMENT_TARGET = 18.2;
				LOCALIZATION_PREFERS_STRING_CATALOGS = YES;
				MTL_ENABLE_DEBUG_INFO = INCLUDE_SOURCE;
				MTL_FAST_MATH = YES;
				ONLY_ACTIVE_ARCH = YES;
				SDKROOT = iphoneos;
				SWIFT_ACTIVE_COMPILATION_CONDITIONS = "DEBUG $(inherited)";
				SWIFT_OPTIMIZATION_LEVEL = "-Onone";
			};
			name = Debug;
		};
		A43F118B2D2589B80006557C /* Release */ = {
			isa = XCBuildConfiguration;
			buildSettings = {
				ALWAYS_SEARCH_USER_PATHS = NO;
				ASSETCATALOG_COMPILER_GENERATE_SWIFT_ASSET_SYMBOL_EXTENSIONS = YES;
				CLANG_ANALYZER_NONNULL = YES;
				CLANG_ANALYZER_NUMBER_OBJECT_CONVERSION = YES_AGGRESSIVE;
				CLANG_CXX_LANGUAGE_STANDARD = "gnu++20";
				CLANG_ENABLE_MODULES = YES;
				CLANG_ENABLE_OBJC_ARC = YES;
				CLANG_ENABLE_OBJC_WEAK = YES;
				CLANG_WARN_BLOCK_CAPTURE_AUTORELEASING = YES;
				CLANG_WARN_BOOL_CONVERSION = YES;
				CLANG_WARN_COMMA = YES;
				CLANG_WARN_CONSTANT_CONVERSION = YES;
				CLANG_WARN_DEPRECATED_OBJC_IMPLEMENTATIONS = YES;
				CLANG_WARN_DIRECT_OBJC_ISA_USAGE = YES_ERROR;
				CLANG_WARN_DOCUMENTATION_COMMENTS = YES;
				CLANG_WARN_EMPTY_BODY = YES;
				CLANG_WARN_ENUM_CONVERSION = YES;
				CLANG_WARN_INFINITE_RECURSION = YES;
				CLANG_WARN_INT_CONVERSION = YES;
				CLANG_WARN_NON_LITERAL_NULL_CONVERSION = YES;
				CLANG_WARN_OBJC_IMPLICIT_RETAIN_SELF = YES;
				CLANG_WARN_OBJC_LITERAL_CONVERSION = YES;
				CLANG_WARN_OBJC_ROOT_CLASS = YES_ERROR;
				CLANG_WARN_QUOTED_INCLUDE_IN_FRAMEWORK_HEADER = YES;
				CLANG_WARN_RANGE_LOOP_ANALYSIS = YES;
				CLANG_WARN_STRICT_PROTOTYPES = YES;
				CLANG_WARN_SUSPICIOUS_MOVE = YES;
				CLANG_WARN_UNGUARDED_AVAILABILITY = YES_AGGRESSIVE;
				CLANG_WARN_UNREACHABLE_CODE = YES;
				CLANG_WARN__DUPLICATE_METHOD_MATCH = YES;
				COPY_PHASE_STRIP = NO;
				DEBUG_INFORMATION_FORMAT = "dwarf-with-dsym";
				ENABLE_NS_ASSERTIONS = NO;
				ENABLE_STRICT_OBJC_MSGSEND = YES;
				ENABLE_USER_SCRIPT_SANDBOXING = YES;
				GCC_C_LANGUAGE_STANDARD = gnu17;
				GCC_NO_COMMON_BLOCKS = YES;
				GCC_WARN_64_TO_32_BIT_CONVERSION = YES;
				GCC_WARN_ABOUT_RETURN_TYPE = YES_ERROR;
				GCC_WARN_UNDECLARED_SELECTOR = YES;
				GCC_WARN_UNINITIALIZED_AUTOS = YES_AGGRESSIVE;
				GCC_WARN_UNUSED_FUNCTION = YES;
				GCC_WARN_UNUSED_VARIABLE = YES;
				IPHONEOS_DEPLOYMENT_TARGET = 18.2;
				LOCALIZATION_PREFERS_STRING_CATALOGS = YES;
				MTL_ENABLE_DEBUG_INFO = NO;
				MTL_FAST_MATH = YES;
				SDKROOT = iphoneos;
				SWIFT_COMPILATION_MODE = wholemodule;
				VALIDATE_PRODUCT = YES;
			};
			name = Release;
		};
		A43F118D2D2589B80006557C /* Debug */ = {
			isa = XCBuildConfiguration;
			buildSettings = {
				ASSETCATALOG_COMPILER_APPICON_NAME = AppIcon;
				ASSETCATALOG_COMPILER_GLOBAL_ACCENT_COLOR_NAME = AccentColor;
				CODE_SIGN_STYLE = Automatic;
				CURRENT_PROJECT_VERSION = 1;
				DEVELOPMENT_ASSET_PATHS = "\"Stacko/Preview Content\"";
				DEVELOPMENT_TEAM = BSK69L32R6;
				ENABLE_PREVIEWS = YES;
				GENERATE_INFOPLIST_FILE = YES;
				INFOPLIST_KEY_CFBundleDisplayName = Stacko;
				INFOPLIST_KEY_LSApplicationCategoryType = "public.app-category.finance";
				INFOPLIST_KEY_UIApplicationSceneManifest_Generation = YES;
				INFOPLIST_KEY_UIApplicationSupportsIndirectInputEvents = YES;
				INFOPLIST_KEY_UILaunchScreen_Generation = YES;
				INFOPLIST_KEY_UISupportedInterfaceOrientations_iPad = "UIInterfaceOrientationPortrait UIInterfaceOrientationPortraitUpsideDown UIInterfaceOrientationLandscapeLeft UIInterfaceOrientationLandscapeRight";
				INFOPLIST_KEY_UISupportedInterfaceOrientations_iPhone = "UIInterfaceOrientationPortrait UIInterfaceOrientationLandscapeLeft UIInterfaceOrientationLandscapeRight";
				IPHONEOS_DEPLOYMENT_TARGET = 18.0;
				LD_RUNPATH_SEARCH_PATHS = (
					"$(inherited)",
					"@executable_path/Frameworks",
				);
				MARKETING_VERSION = 1.0;
				PRODUCT_BUNDLE_IDENTIFIER = lauris.vinters.Stacko;
				PRODUCT_NAME = "$(TARGET_NAME)";
				SWIFT_EMIT_LOC_STRINGS = YES;
				SWIFT_VERSION = 5.0;
				TARGETED_DEVICE_FAMILY = "1,2";
			};
			name = Debug;
		};
		A43F118E2D2589B80006557C /* Release */ = {
			isa = XCBuildConfiguration;
			buildSettings = {
				ASSETCATALOG_COMPILER_APPICON_NAME = AppIcon;
				ASSETCATALOG_COMPILER_GLOBAL_ACCENT_COLOR_NAME = AccentColor;
				CODE_SIGN_STYLE = Automatic;
				CURRENT_PROJECT_VERSION = 1;
				DEVELOPMENT_ASSET_PATHS = "\"Stacko/Preview Content\"";
				DEVELOPMENT_TEAM = BSK69L32R6;
				ENABLE_PREVIEWS = YES;
				GENERATE_INFOPLIST_FILE = YES;
				INFOPLIST_KEY_CFBundleDisplayName = Stacko;
				INFOPLIST_KEY_LSApplicationCategoryType = "public.app-category.finance";
				INFOPLIST_KEY_UIApplicationSceneManifest_Generation = YES;
				INFOPLIST_KEY_UIApplicationSupportsIndirectInputEvents = YES;
				INFOPLIST_KEY_UILaunchScreen_Generation = YES;
				INFOPLIST_KEY_UISupportedInterfaceOrientations_iPad = "UIInterfaceOrientationPortrait UIInterfaceOrientationPortraitUpsideDown UIInterfaceOrientationLandscapeLeft UIInterfaceOrientationLandscapeRight";
				INFOPLIST_KEY_UISupportedInterfaceOrientations_iPhone = "UIInterfaceOrientationPortrait UIInterfaceOrientationLandscapeLeft UIInterfaceOrientationLandscapeRight";
				IPHONEOS_DEPLOYMENT_TARGET = 18.0;
				LD_RUNPATH_SEARCH_PATHS = (
					"$(inherited)",
					"@executable_path/Frameworks",
				);
				MARKETING_VERSION = 1.0;
				PRODUCT_BUNDLE_IDENTIFIER = lauris.vinters.Stacko;
				PRODUCT_NAME = "$(TARGET_NAME)";
				SWIFT_EMIT_LOC_STRINGS = YES;
				SWIFT_VERSION = 5.0;
				TARGETED_DEVICE_FAMILY = "1,2";
			};
			name = Release;
		};
		A43F11902D2589B80006557C /* Debug */ = {
			isa = XCBuildConfiguration;
			buildSettings = {
				BUNDLE_LOADER = "$(TEST_HOST)";
				CODE_SIGN_STYLE = Automatic;
				CURRENT_PROJECT_VERSION = 1;
				DEVELOPMENT_TEAM = BSK69L32R6;
				GENERATE_INFOPLIST_FILE = YES;
				IPHONEOS_DEPLOYMENT_TARGET = 18.2;
				MARKETING_VERSION = 1.0;
				PRODUCT_BUNDLE_IDENTIFIER = lauris.vinters.StackoTests;
				PRODUCT_NAME = "$(TARGET_NAME)";
				SWIFT_EMIT_LOC_STRINGS = NO;
				SWIFT_VERSION = 5.0;
				TARGETED_DEVICE_FAMILY = "1,2";
				TEST_HOST = "$(BUILT_PRODUCTS_DIR)/Stacko.app/$(BUNDLE_EXECUTABLE_FOLDER_PATH)/Stacko";
			};
			name = Debug;
		};
		A43F11912D2589B80006557C /* Release */ = {
			isa = XCBuildConfiguration;
			buildSettings = {
				BUNDLE_LOADER = "$(TEST_HOST)";
				CODE_SIGN_STYLE = Automatic;
				CURRENT_PROJECT_VERSION = 1;
				DEVELOPMENT_TEAM = BSK69L32R6;
				GENERATE_INFOPLIST_FILE = YES;
				IPHONEOS_DEPLOYMENT_TARGET = 18.2;
				MARKETING_VERSION = 1.0;
				PRODUCT_BUNDLE_IDENTIFIER = lauris.vinters.StackoTests;
				PRODUCT_NAME = "$(TARGET_NAME)";
				SWIFT_EMIT_LOC_STRINGS = NO;
				SWIFT_VERSION = 5.0;
				TARGETED_DEVICE_FAMILY = "1,2";
				TEST_HOST = "$(BUILT_PRODUCTS_DIR)/Stacko.app/$(BUNDLE_EXECUTABLE_FOLDER_PATH)/Stacko";
			};
			name = Release;
		};
		A43F11932D2589B80006557C /* Debug */ = {
			isa = XCBuildConfiguration;
			buildSettings = {
				CODE_SIGN_STYLE = Automatic;
				CURRENT_PROJECT_VERSION = 1;
				DEVELOPMENT_TEAM = BSK69L32R6;
				GENERATE_INFOPLIST_FILE = YES;
				MARKETING_VERSION = 1.0;
				PRODUCT_BUNDLE_IDENTIFIER = lauris.vinters.StackoUITests;
				PRODUCT_NAME = "$(TARGET_NAME)";
				SWIFT_EMIT_LOC_STRINGS = NO;
				SWIFT_VERSION = 5.0;
				TARGETED_DEVICE_FAMILY = "1,2";
				TEST_TARGET_NAME = Stacko;
			};
			name = Debug;
		};
		A43F11942D2589B80006557C /* Release */ = {
			isa = XCBuildConfiguration;
			buildSettings = {
				CODE_SIGN_STYLE = Automatic;
				CURRENT_PROJECT_VERSION = 1;
				DEVELOPMENT_TEAM = BSK69L32R6;
				GENERATE_INFOPLIST_FILE = YES;
				MARKETING_VERSION = 1.0;
				PRODUCT_BUNDLE_IDENTIFIER = lauris.vinters.StackoUITests;
				PRODUCT_NAME = "$(TARGET_NAME)";
				SWIFT_EMIT_LOC_STRINGS = NO;
				SWIFT_VERSION = 5.0;
				TARGETED_DEVICE_FAMILY = "1,2";
				TEST_TARGET_NAME = Stacko;
			};
			name = Release;
		};
/* End XCBuildConfiguration section */

/* Begin XCConfigurationList section */
		A43F11632D2589B50006557C /* Build configuration list for PBXProject "Stacko" */ = {
			isa = XCConfigurationList;
			buildConfigurations = (
				A43F118A2D2589B80006557C /* Debug */,
				A43F118B2D2589B80006557C /* Release */,
			);
			defaultConfigurationIsVisible = 0;
			defaultConfigurationName = Release;
		};
		A43F118C2D2589B80006557C /* Build configuration list for PBXNativeTarget "Stacko" */ = {
			isa = XCConfigurationList;
			buildConfigurations = (
				A43F118D2D2589B80006557C /* Debug */,
				A43F118E2D2589B80006557C /* Release */,
			);
			defaultConfigurationIsVisible = 0;
			defaultConfigurationName = Release;
		};
		A43F118F2D2589B80006557C /* Build configuration list for PBXNativeTarget "StackoTests" */ = {
			isa = XCConfigurationList;
			buildConfigurations = (
				A43F11902D2589B80006557C /* Debug */,
				A43F11912D2589B80006557C /* Release */,
			);
			defaultConfigurationIsVisible = 0;
			defaultConfigurationName = Release;
		};
		A43F11922D2589B80006557C /* Build configuration list for PBXNativeTarget "StackoUITests" */ = {
			isa = XCConfigurationList;
			buildConfigurations = (
				A43F11932D2589B80006557C /* Debug */,
				A43F11942D2589B80006557C /* Release */,
			);
			defaultConfigurationIsVisible = 0;
			defaultConfigurationName = Release;
		};
/* End XCConfigurationList section */

/* Begin XCVersionGroup section */
		A40134952D2843BD00C205FE /* StackoModel.xcdatamodeld */ = {
			isa = XCVersionGroup;
			children = (
				A40134962D2843BD00C205FE /* StackoModel.xcdatamodel */,
			);
			currentVersion = A40134962D2843BD00C205FE /* StackoModel.xcdatamodel */;
			path = StackoModel.xcdatamodeld;
			sourceTree = "<group>";
			versionGroupType = wrapper.xcdatamodel;
		};
/* End XCVersionGroup section */
	};
	rootObject = A43F11602D2589B50006557C /* Project object */;
}
